// !$*UTF8*$!
{
	archiveVersion = 1;
	classes = {
	};
	objectVersion = 77;
	objects = {

/* Begin PBXBuildFile section */
		19610F2A2D8111ED00675BED /* RealmSwift in Frameworks */ = {isa = PBXBuildFile; productRef = 19610F292D8111ED00675BED /* RealmSwift */; };
		1976DFD12D7EAC530093679D /* FSCalendar in Frameworks */ = {isa = PBXBuildFile; productRef = 1976DFD02D7EAC530093679D /* FSCalendar */; };
		198BA91E2D817F6D002C2CDD /* Auth in Frameworks */ = {isa = PBXBuildFile; productRef = 198BA91D2D817F6D002C2CDD /* Auth */; };
		198BA9202D817F6D002C2CDD /* Supabase in Frameworks */ = {isa = PBXBuildFile; productRef = 198BA91F2D817F6D002C2CDD /* Supabase */; };
/* End PBXBuildFile section */

/* Begin PBXContainerItemProxy section */
		1976DFB02D7EAC320093679D /* PBXContainerItemProxy */ = {
			isa = PBXContainerItemProxy;
			containerPortal = 1976DF8E2D7EAC310093679D /* Project object */;
			proxyType = 1;
			remoteGlobalIDString = 1976DF952D7EAC310093679D;
			remoteInfo = Project;
		};
		1976DFBA2D7EAC320093679D /* PBXContainerItemProxy */ = {
			isa = PBXContainerItemProxy;
			containerPortal = 1976DF8E2D7EAC310093679D /* Project object */;
			proxyType = 1;
			remoteGlobalIDString = 1976DF952D7EAC310093679D;
			remoteInfo = Project;
		};
/* End PBXContainerItemProxy section */

/* Begin PBXCopyFilesBuildPhase section */
		19610F252D810FB500675BED /* Embed Frameworks */ = {
			isa = PBXCopyFilesBuildPhase;
			buildActionMask = 2147483647;
			dstPath = "";
			dstSubfolderSpec = 10;
			files = (
			);
			name = "Embed Frameworks";
			runOnlyForDeploymentPostprocessing = 0;
		};
/* End PBXCopyFilesBuildPhase section */

/* Begin PBXFileReference section */
		1976DF962D7EAC310093679D /* Project.app */ = {isa = PBXFileReference; explicitFileType = wrapper.application; includeInIndex = 0; path = Project.app; sourceTree = BUILT_PRODUCTS_DIR; };
		1976DFAF2D7EAC320093679D /* ProjectTests.xctest */ = {isa = PBXFileReference; explicitFileType = wrapper.cfbundle; includeInIndex = 0; path = ProjectTests.xctest; sourceTree = BUILT_PRODUCTS_DIR; };
		1976DFB92D7EAC320093679D /* ProjectUITests.xctest */ = {isa = PBXFileReference; explicitFileType = wrapper.cfbundle; includeInIndex = 0; path = ProjectUITests.xctest; sourceTree = BUILT_PRODUCTS_DIR; };
/* End PBXFileReference section */

/* Begin PBXFileSystemSynchronizedBuildFileExceptionSet section */
		1976DFC12D7EAC320093679D /* Exceptions for "Project" folder in "Project" target */ = {
			isa = PBXFileSystemSynchronizedBuildFileExceptionSet;
			membershipExceptions = (
				Info.plist,
			);
			target = 1976DF952D7EAC310093679D /* Project */;
		};
/* End PBXFileSystemSynchronizedBuildFileExceptionSet section */

/* Begin PBXFileSystemSynchronizedRootGroup section */
		1976DF982D7EAC310093679D /* Project */ = {
			isa = PBXFileSystemSynchronizedRootGroup;
			exceptions = (
				1976DFC12D7EAC320093679D /* Exceptions for "Project" folder in "Project" target */,
			);
			path = Project;
			sourceTree = "<group>";
		};
		1976DFB22D7EAC320093679D /* ProjectTests */ = {
			isa = PBXFileSystemSynchronizedRootGroup;
			path = ProjectTests;
			sourceTree = "<group>";
		};
		1976DFBC2D7EAC320093679D /* ProjectUITests */ = {
			isa = PBXFileSystemSynchronizedRootGroup;
			path = ProjectUITests;
			sourceTree = "<group>";
		};
/* End PBXFileSystemSynchronizedRootGroup section */

/* Begin PBXFrameworksBuildPhase section */
		1976DF932D7EAC310093679D /* Frameworks */ = {
			isa = PBXFrameworksBuildPhase;
			buildActionMask = 2147483647;
			files = (
				198BA9202D817F6D002C2CDD /* Supabase in Frameworks */,
				19610F2A2D8111ED00675BED /* RealmSwift in Frameworks */,
				1976DFD12D7EAC530093679D /* FSCalendar in Frameworks */,
				198BA91E2D817F6D002C2CDD /* Auth in Frameworks */,
			);
			runOnlyForDeploymentPostprocessing = 0;
		};
		1976DFAC2D7EAC320093679D /* Frameworks */ = {
			isa = PBXFrameworksBuildPhase;
			buildActionMask = 2147483647;
			files = (
			);
			runOnlyForDeploymentPostprocessing = 0;
		};
		1976DFB62D7EAC320093679D /* Frameworks */ = {
			isa = PBXFrameworksBuildPhase;
			buildActionMask = 2147483647;
			files = (
			);
			runOnlyForDeploymentPostprocessing = 0;
		};
/* End PBXFrameworksBuildPhase section */

/* Begin PBXGroup section */
		19610F212D810FB500675BED /* Frameworks */ = {
			isa = PBXGroup;
			children = (
			);
			name = Frameworks;
			sourceTree = "<group>";
		};
		1976DF8D2D7EAC310093679D = {
			isa = PBXGroup;
			children = (
				1976DF982D7EAC310093679D /* Project */,
				1976DFB22D7EAC320093679D /* ProjectTests */,
				1976DFBC2D7EAC320093679D /* ProjectUITests */,
				19610F212D810FB500675BED /* Frameworks */,
				1976DF972D7EAC310093679D /* Products */,
			);
			sourceTree = "<group>";
		};
		1976DF972D7EAC310093679D /* Products */ = {
			isa = PBXGroup;
			children = (
				1976DF962D7EAC310093679D /* Project.app */,
				1976DFAF2D7EAC320093679D /* ProjectTests.xctest */,
				1976DFB92D7EAC320093679D /* ProjectUITests.xctest */,
			);
			name = Products;
			sourceTree = "<group>";
		};
/* End PBXGroup section */

/* Begin PBXNativeTarget section */
		1976DF952D7EAC310093679D /* Project */ = {
			isa = PBXNativeTarget;
			buildConfigurationList = 1976DFC22D7EAC320093679D /* Build configuration list for PBXNativeTarget "Project" */;
			buildPhases = (
				1976DF922D7EAC310093679D /* Sources */,
				1976DF932D7EAC310093679D /* Frameworks */,
				1976DF942D7EAC310093679D /* Resources */,
				19610F252D810FB500675BED /* Embed Frameworks */,
			);
			buildRules = (
			);
			dependencies = (
			);
			fileSystemSynchronizedGroups = (
				1976DF982D7EAC310093679D /* Project */,
			);
			name = Project;
			packageProductDependencies = (
				1976DFD02D7EAC530093679D /* FSCalendar */,
				19610F292D8111ED00675BED /* RealmSwift */,
				198BA91D2D817F6D002C2CDD /* Auth */,
				198BA91F2D817F6D002C2CDD /* Supabase */,
			);
			productName = Project;
			productReference = 1976DF962D7EAC310093679D /* Project.app */;
			productType = "com.apple.product-type.application";
		};
		1976DFAE2D7EAC320093679D /* ProjectTests */ = {
			isa = PBXNativeTarget;
			buildConfigurationList = 1976DFC72D7EAC320093679D /* Build configuration list for PBXNativeTarget "ProjectTests" */;
			buildPhases = (
				1976DFAB2D7EAC320093679D /* Sources */,
				1976DFAC2D7EAC320093679D /* Frameworks */,
				1976DFAD2D7EAC320093679D /* Resources */,
			);
			buildRules = (
			);
			dependencies = (
				1976DFB12D7EAC320093679D /* PBXTargetDependency */,
			);
			fileSystemSynchronizedGroups = (
				1976DFB22D7EAC320093679D /* ProjectTests */,
			);
			name = ProjectTests;
			packageProductDependencies = (
			);
			productName = ProjectTests;
			productReference = 1976DFAF2D7EAC320093679D /* ProjectTests.xctest */;
			productType = "com.apple.product-type.bundle.unit-test";
		};
		1976DFB82D7EAC320093679D /* ProjectUITests */ = {
			isa = PBXNativeTarget;
			buildConfigurationList = 1976DFCA2D7EAC320093679D /* Build configuration list for PBXNativeTarget "ProjectUITests" */;
			buildPhases = (
				1976DFB52D7EAC320093679D /* Sources */,
				1976DFB62D7EAC320093679D /* Frameworks */,
				1976DFB72D7EAC320093679D /* Resources */,
			);
			buildRules = (
			);
			dependencies = (
				1976DFBB2D7EAC320093679D /* PBXTargetDependency */,
			);
			fileSystemSynchronizedGroups = (
				1976DFBC2D7EAC320093679D /* ProjectUITests */,
			);
			name = ProjectUITests;
			packageProductDependencies = (
			);
			productName = ProjectUITests;
			productReference = 1976DFB92D7EAC320093679D /* ProjectUITests.xctest */;
			productType = "com.apple.product-type.bundle.ui-testing";
		};
/* End PBXNativeTarget section */

/* Begin PBXProject section */
		1976DF8E2D7EAC310093679D /* Project object */ = {
			isa = PBXProject;
			attributes = {
				BuildIndependentTargetsInParallel = 1;
				LastSwiftUpdateCheck = 1620;
				LastUpgradeCheck = 1620;
				TargetAttributes = {
					1976DF952D7EAC310093679D = {
						CreatedOnToolsVersion = 16.2;
					};
					1976DFAE2D7EAC320093679D = {
						CreatedOnToolsVersion = 16.2;
						TestTargetID = 1976DF952D7EAC310093679D;
					};
					1976DFB82D7EAC320093679D = {
						CreatedOnToolsVersion = 16.2;
						TestTargetID = 1976DF952D7EAC310093679D;
					};
				};
			};
			buildConfigurationList = 1976DF912D7EAC310093679D /* Build configuration list for PBXProject "Project" */;
			developmentRegion = en;
			hasScannedForEncodings = 0;
			knownRegions = (
				en,
				Base,
			);
			mainGroup = 1976DF8D2D7EAC310093679D;
			minimizedProjectReferenceProxies = 1;
			packageReferences = (
				1976DFCF2D7EAC530093679D /* XCRemoteSwiftPackageReference "FSCalendar" */,
				19610F282D8111ED00675BED /* XCRemoteSwiftPackageReference "realm-swift" */,
				198BA91C2D817F6D002C2CDD /* XCRemoteSwiftPackageReference "supabase-swift" */,
			);
			preferredProjectObjectVersion = 77;
			productRefGroup = 1976DF972D7EAC310093679D /* Products */;
			projectDirPath = "";
			projectRoot = "";
			targets = (
				1976DF952D7EAC310093679D /* Project */,
				1976DFAE2D7EAC320093679D /* ProjectTests */,
				1976DFB82D7EAC320093679D /* ProjectUITests */,
			);
		};
/* End PBXProject section */

/* Begin PBXResourcesBuildPhase section */
		1976DF942D7EAC310093679D /* Resources */ = {
			isa = PBXResourcesBuildPhase;
			buildActionMask = 2147483647;
			files = (
			);
			runOnlyForDeploymentPostprocessing = 0;
		};
		1976DFAD2D7EAC320093679D /* Resources */ = {
			isa = PBXResourcesBuildPhase;
			buildActionMask = 2147483647;
			files = (
			);
			runOnlyForDeploymentPostprocessing = 0;
		};
		1976DFB72D7EAC320093679D /* Resources */ = {
			isa = PBXResourcesBuildPhase;
			buildActionMask = 2147483647;
			files = (
			);
			runOnlyForDeploymentPostprocessing = 0;
		};
/* End PBXResourcesBuildPhase section */

/* Begin PBXSourcesBuildPhase section */
		1976DF922D7EAC310093679D /* Sources */ = {
			isa = PBXSourcesBuildPhase;
			buildActionMask = 2147483647;
			files = (
			);
			runOnlyForDeploymentPostprocessing = 0;
		};
		1976DFAB2D7EAC320093679D /* Sources */ = {
			isa = PBXSourcesBuildPhase;
			buildActionMask = 2147483647;
			files = (
			);
			runOnlyForDeploymentPostprocessing = 0;
		};
		1976DFB52D7EAC320093679D /* Sources */ = {
			isa = PBXSourcesBuildPhase;
			buildActionMask = 2147483647;
			files = (
			);
			runOnlyForDeploymentPostprocessing = 0;
		};
/* End PBXSourcesBuildPhase section */

/* Begin PBXTargetDependency section */
		1976DFB12D7EAC320093679D /* PBXTargetDependency */ = {
			isa = PBXTargetDependency;
			target = 1976DF952D7EAC310093679D /* Project */;
			targetProxy = 1976DFB02D7EAC320093679D /* PBXContainerItemProxy */;
		};
		1976DFBB2D7EAC320093679D /* PBXTargetDependency */ = {
			isa = PBXTargetDependency;
			target = 1976DF952D7EAC310093679D /* Project */;
			targetProxy = 1976DFBA2D7EAC320093679D /* PBXContainerItemProxy */;
		};
/* End PBXTargetDependency section */

/* Begin XCBuildConfiguration section */
		1976DFC32D7EAC320093679D /* Debug */ = {
			isa = XCBuildConfiguration;
			buildSettings = {
				ASSETCATALOG_COMPILER_APPICON_NAME = AppIcon;
				ASSETCATALOG_COMPILER_GLOBAL_ACCENT_COLOR_NAME = AccentColor;
				CODE_SIGN_STYLE = Automatic;
				CURRENT_PROJECT_VERSION = 1;
				GENERATE_INFOPLIST_FILE = YES;
				INFOPLIST_FILE = Project/Info.plist;
				INFOPLIST_KEY_UIApplicationSupportsIndirectInputEvents = YES;
				INFOPLIST_KEY_UILaunchStoryboardName = LaunchScreen;
				INFOPLIST_KEY_UIMainStoryboardFile = Main;
				INFOPLIST_KEY_UISupportedInterfaceOrientations = "UIInterfaceOrientationLandscapeLeft UIInterfaceOrientationLandscapeRight UIInterfaceOrientationPortrait";
				INFOPLIST_KEY_UISupportedInterfaceOrientations_iPad = UIInterfaceOrientationPortrait;
				IPHONEOS_DEPLOYMENT_TARGET = 17.6;
				LD_RUNPATH_SEARCH_PATHS = (
					"$(inherited)",
					"@executable_path/Frameworks",
				);
				MARKETING_VERSION = 1.0;
				PRODUCT_BUNDLE_IDENTIFIER = iosStudy.Project;
				PRODUCT_NAME = "$(TARGET_NAME)";
				SUPPORTED_PLATFORMS = "iphoneos iphonesimulator";
				SUPPORTS_MACCATALYST = NO;
				SUPPORTS_MAC_DESIGNED_FOR_IPHONE_IPAD = NO;
				SUPPORTS_XR_DESIGNED_FOR_IPHONE_IPAD = NO;
				SWIFT_EMIT_LOC_STRINGS = YES;
				SWIFT_VERSION = 5.0;
				TARGETED_DEVICE_FAMILY = "1,2";
			};
			name = Debug;
		};
		1976DFC42D7EAC320093679D /* Release */ = {
			isa = XCBuildConfiguration;
			buildSettings = {
				ASSETCATALOG_COMPILER_APPICON_NAME = AppIcon;
				ASSETCATALOG_COMPILER_GLOBAL_ACCENT_COLOR_NAME = AccentColor;
				CODE_SIGN_STYLE = Automatic;
				CURRENT_PROJECT_VERSION = 1;
				GENERATE_INFOPLIST_FILE = YES;
				INFOPLIST_FILE = Project/Info.plist;
				INFOPLIST_KEY_UIApplicationSupportsIndirectInputEvents = YES;
				INFOPLIST_KEY_UILaunchStoryboardName = LaunchScreen;
				INFOPLIST_KEY_UIMainStoryboardFile = Main;
				INFOPLIST_KEY_UISupportedInterfaceOrientations = "UIInterfaceOrientationLandscapeLeft UIInterfaceOrientationLandscapeRight UIInterfaceOrientationPortrait";
				INFOPLIST_KEY_UISupportedInterfaceOrientations_iPad = UIInterfaceOrientationPortrait;
				IPHONEOS_DEPLOYMENT_TARGET = 17.6;
				LD_RUNPATH_SEARCH_PATHS = (
					"$(inherited)",
					"@executable_path/Frameworks",
				);
				MARKETING_VERSION = 1.0;
				PRODUCT_BUNDLE_IDENTIFIER = iosStudy.Project;
				PRODUCT_NAME = "$(TARGET_NAME)";
				SUPPORTED_PLATFORMS = "iphoneos iphonesimulator";
				SUPPORTS_MACCATALYST = NO;
				SUPPORTS_MAC_DESIGNED_FOR_IPHONE_IPAD = NO;
				SUPPORTS_XR_DESIGNED_FOR_IPHONE_IPAD = NO;
				SWIFT_EMIT_LOC_STRINGS = YES;
				SWIFT_VERSION = 5.0;
				TARGETED_DEVICE_FAMILY = "1,2";
			};
			name = Release;
		};
		1976DFC52D7EAC320093679D /* Debug */ = {
			isa = XCBuildConfiguration;
			buildSettings = {
				ALWAYS_SEARCH_USER_PATHS = NO;
				ASSETCATALOG_COMPILER_GENERATE_SWIFT_ASSET_SYMBOL_EXTENSIONS = YES;
				CLANG_ANALYZER_NONNULL = YES;
				CLANG_ANALYZER_NUMBER_OBJECT_CONVERSION = YES_AGGRESSIVE;
				CLANG_CXX_LANGUAGE_STANDARD = "gnu++20";
				CLANG_ENABLE_MODULES = YES;
				CLANG_ENABLE_OBJC_ARC = YES;
				CLANG_ENABLE_OBJC_WEAK = YES;
				CLANG_WARN_BLOCK_CAPTURE_AUTORELEASING = YES;
				CLANG_WARN_BOOL_CONVERSION = YES;
				CLANG_WARN_COMMA = YES;
				CLANG_WARN_CONSTANT_CONVERSION = YES;
				CLANG_WARN_DEPRECATED_OBJC_IMPLEMENTATIONS = YES;
				CLANG_WARN_DIRECT_OBJC_ISA_USAGE = YES_ERROR;
				CLANG_WARN_DOCUMENTATION_COMMENTS = YES;
				CLANG_WARN_EMPTY_BODY = YES;
				CLANG_WARN_ENUM_CONVERSION = YES;
				CLANG_WARN_INFINITE_RECURSION = YES;
				CLANG_WARN_INT_CONVERSION = YES;
				CLANG_WARN_NON_LITERAL_NULL_CONVERSION = YES;
				CLANG_WARN_OBJC_IMPLICIT_RETAIN_SELF = YES;
				CLANG_WARN_OBJC_LITERAL_CONVERSION = YES;
				CLANG_WARN_OBJC_ROOT_CLASS = YES_ERROR;
				CLANG_WARN_QUOTED_INCLUDE_IN_FRAMEWORK_HEADER = YES;
				CLANG_WARN_RANGE_LOOP_ANALYSIS = YES;
				CLANG_WARN_STRICT_PROTOTYPES = YES;
				CLANG_WARN_SUSPICIOUS_MOVE = YES;
				CLANG_WARN_UNGUARDED_AVAILABILITY = YES_AGGRESSIVE;
				CLANG_WARN_UNREACHABLE_CODE = YES;
				CLANG_WARN__DUPLICATE_METHOD_MATCH = YES;
				COPY_PHASE_STRIP = NO;
				DEBUG_INFORMATION_FORMAT = dwarf;
				ENABLE_STRICT_OBJC_MSGSEND = YES;
				ENABLE_TESTABILITY = YES;
				ENABLE_USER_SCRIPT_SANDBOXING = YES;
				GCC_C_LANGUAGE_STANDARD = gnu17;
				GCC_DYNAMIC_NO_PIC = NO;
				GCC_NO_COMMON_BLOCKS = YES;
				GCC_OPTIMIZATION_LEVEL = 0;
				GCC_PREPROCESSOR_DEFINITIONS = (
					"DEBUG=1",
					"$(inherited)",
				);
				GCC_WARN_64_TO_32_BIT_CONVERSION = YES;
				GCC_WARN_ABOUT_RETURN_TYPE = YES_ERROR;
				GCC_WARN_UNDECLARED_SELECTOR = YES;
				GCC_WARN_UNINITIALIZED_AUTOS = YES_AGGRESSIVE;
				GCC_WARN_UNUSED_FUNCTION = YES;
				GCC_WARN_UNUSED_VARIABLE = YES;
				IPHONEOS_DEPLOYMENT_TARGET = 18.2;
				LOCALIZATION_PREFERS_STRING_CATALOGS = YES;
				MTL_ENABLE_DEBUG_INFO = INCLUDE_SOURCE;
				MTL_FAST_MATH = YES;
				ONLY_ACTIVE_ARCH = YES;
				SDKROOT = iphoneos;
				SWIFT_ACTIVE_COMPILATION_CONDITIONS = "DEBUG $(inherited)";
				SWIFT_OPTIMIZATION_LEVEL = "-Onone";
			};
			name = Debug;
		};
		1976DFC62D7EAC320093679D /* Release */ = {
			isa = XCBuildConfiguration;
			buildSettings = {
				ALWAYS_SEARCH_USER_PATHS = NO;
				ASSETCATALOG_COMPILER_GENERATE_SWIFT_ASSET_SYMBOL_EXTENSIONS = YES;
				CLANG_ANALYZER_NONNULL = YES;
				CLANG_ANALYZER_NUMBER_OBJECT_CONVERSION = YES_AGGRESSIVE;
				CLANG_CXX_LANGUAGE_STANDARD = "gnu++20";
				CLANG_ENABLE_MODULES = YES;
				CLANG_ENABLE_OBJC_ARC = YES;
				CLANG_ENABLE_OBJC_WEAK = YES;
				CLANG_WARN_BLOCK_CAPTURE_AUTORELEASING = YES;
				CLANG_WARN_BOOL_CONVERSION = YES;
				CLANG_WARN_COMMA = YES;
				CLANG_WARN_CONSTANT_CONVERSION = YES;
				CLANG_WARN_DEPRECATED_OBJC_IMPLEMENTATIONS = YES;
				CLANG_WARN_DIRECT_OBJC_ISA_USAGE = YES_ERROR;
				CLANG_WARN_DOCUMENTATION_COMMENTS = YES;
				CLANG_WARN_EMPTY_BODY = YES;
				CLANG_WARN_ENUM_CONVERSION = YES;
				CLANG_WARN_INFINITE_RECURSION = YES;
				CLANG_WARN_INT_CONVERSION = YES;
				CLANG_WARN_NON_LITERAL_NULL_CONVERSION = YES;
				CLANG_WARN_OBJC_IMPLICIT_RETAIN_SELF = YES;
				CLANG_WARN_OBJC_LITERAL_CONVERSION = YES;
				CLANG_WARN_OBJC_ROOT_CLASS = YES_ERROR;
				CLANG_WARN_QUOTED_INCLUDE_IN_FRAMEWORK_HEADER = YES;
				CLANG_WARN_RANGE_LOOP_ANALYSIS = YES;
				CLANG_WARN_STRICT_PROTOTYPES = YES;
				CLANG_WARN_SUSPICIOUS_MOVE = YES;
				CLANG_WARN_UNGUARDED_AVAILABILITY = YES_AGGRESSIVE;
				CLANG_WARN_UNREACHABLE_CODE = YES;
				CLANG_WARN__DUPLICATE_METHOD_MATCH = YES;
				COPY_PHASE_STRIP = NO;
				DEBUG_INFORMATION_FORMAT = "dwarf-with-dsym";
				ENABLE_NS_ASSERTIONS = NO;
				ENABLE_STRICT_OBJC_MSGSEND = YES;
				ENABLE_USER_SCRIPT_SANDBOXING = YES;
				GCC_C_LANGUAGE_STANDARD = gnu17;
				GCC_NO_COMMON_BLOCKS = YES;
				GCC_WARN_64_TO_32_BIT_CONVERSION = YES;
				GCC_WARN_ABOUT_RETURN_TYPE = YES_ERROR;
				GCC_WARN_UNDECLARED_SELECTOR = YES;
				GCC_WARN_UNINITIALIZED_AUTOS = YES_AGGRESSIVE;
				GCC_WARN_UNUSED_FUNCTION = YES;
				GCC_WARN_UNUSED_VARIABLE = YES;
				IPHONEOS_DEPLOYMENT_TARGET = 18.2;
				LOCALIZATION_PREFERS_STRING_CATALOGS = YES;
				MTL_ENABLE_DEBUG_INFO = NO;
				MTL_FAST_MATH = YES;
				SDKROOT = iphoneos;
				SWIFT_COMPILATION_MODE = wholemodule;
				VALIDATE_PRODUCT = YES;
			};
			name = Release;
		};
		1976DFC82D7EAC320093679D /* Debug */ = {
			isa = XCBuildConfiguration;
			buildSettings = {
				BUNDLE_LOADER = "$(TEST_HOST)";
				CODE_SIGN_STYLE = Automatic;
				CURRENT_PROJECT_VERSION = 1;
				GENERATE_INFOPLIST_FILE = YES;
				IPHONEOS_DEPLOYMENT_TARGET = 18.2;
				MARKETING_VERSION = 1.0;
				PRODUCT_BUNDLE_IDENTIFIER = iosStudy.ProjectTests;
				PRODUCT_NAME = "$(TARGET_NAME)";
				SWIFT_EMIT_LOC_STRINGS = NO;
				SWIFT_VERSION = 5.0;
				TARGETED_DEVICE_FAMILY = "1,2";
				TEST_HOST = "$(BUILT_PRODUCTS_DIR)/Project.app/$(BUNDLE_EXECUTABLE_FOLDER_PATH)/Project";
			};
			name = Debug;
		};
		1976DFC92D7EAC320093679D /* Release */ = {
			isa = XCBuildConfiguration;
			buildSettings = {
				BUNDLE_LOADER = "$(TEST_HOST)";
				CODE_SIGN_STYLE = Automatic;
				CURRENT_PROJECT_VERSION = 1;
				GENERATE_INFOPLIST_FILE = YES;
				IPHONEOS_DEPLOYMENT_TARGET = 18.2;
				MARKETING_VERSION = 1.0;
				PRODUCT_BUNDLE_IDENTIFIER = iosStudy.ProjectTests;
				PRODUCT_NAME = "$(TARGET_NAME)";
				SWIFT_EMIT_LOC_STRINGS = NO;
				SWIFT_VERSION = 5.0;
				TARGETED_DEVICE_FAMILY = "1,2";
				TEST_HOST = "$(BUILT_PRODUCTS_DIR)/Project.app/$(BUNDLE_EXECUTABLE_FOLDER_PATH)/Project";
			};
			name = Release;
		};
		1976DFCB2D7EAC320093679D /* Debug */ = {
			isa = XCBuildConfiguration;
			buildSettings = {
				CODE_SIGN_STYLE = Automatic;
				CURRENT_PROJECT_VERSION = 1;
				GENERATE_INFOPLIST_FILE = YES;
				MARKETING_VERSION = 1.0;
				PRODUCT_BUNDLE_IDENTIFIER = iosStudy.ProjectUITests;
				PRODUCT_NAME = "$(TARGET_NAME)";
				SWIFT_EMIT_LOC_STRINGS = NO;
				SWIFT_VERSION = 5.0;
				TARGETED_DEVICE_FAMILY = "1,2";
				TEST_TARGET_NAME = Project;
			};
			name = Debug;
		};
		1976DFCC2D7EAC320093679D /* Release */ = {
			isa = XCBuildConfiguration;
			buildSettings = {
				CODE_SIGN_STYLE = Automatic;
				CURRENT_PROJECT_VERSION = 1;
				GENERATE_INFOPLIST_FILE = YES;
				MARKETING_VERSION = 1.0;
				PRODUCT_BUNDLE_IDENTIFIER = iosStudy.ProjectUITests;
				PRODUCT_NAME = "$(TARGET_NAME)";
				SWIFT_EMIT_LOC_STRINGS = NO;
				SWIFT_VERSION = 5.0;
				TARGETED_DEVICE_FAMILY = "1,2";
				TEST_TARGET_NAME = Project;
			};
			name = Release;
		};
/* End XCBuildConfiguration section */

/* Begin XCConfigurationList section */
		1976DF912D7EAC310093679D /* Build configuration list for PBXProject "Project" */ = {
			isa = XCConfigurationList;
			buildConfigurations = (
				1976DFC52D7EAC320093679D /* Debug */,
				1976DFC62D7EAC320093679D /* Release */,
			);
			defaultConfigurationIsVisible = 0;
			defaultConfigurationName = Release;
		};
		1976DFC22D7EAC320093679D /* Build configuration list for PBXNativeTarget "Project" */ = {
			isa = XCConfigurationList;
			buildConfigurations = (
				1976DFC32D7EAC320093679D /* Debug */,
				1976DFC42D7EAC320093679D /* Release */,
			);
			defaultConfigurationIsVisible = 0;
			defaultConfigurationName = Release;
		};
		1976DFC72D7EAC320093679D /* Build configuration list for PBXNativeTarget "ProjectTests" */ = {
			isa = XCConfigurationList;
			buildConfigurations = (
				1976DFC82D7EAC320093679D /* Debug */,
				1976DFC92D7EAC320093679D /* Release */,
			);
			defaultConfigurationIsVisible = 0;
			defaultConfigurationName = Release;
		};
		1976DFCA2D7EAC320093679D /* Build configuration list for PBXNativeTarget "ProjectUITests" */ = {
			isa = XCConfigurationList;
			buildConfigurations = (
				1976DFCB2D7EAC320093679D /* Debug */,
				1976DFCC2D7EAC320093679D /* Release */,
			);
			defaultConfigurationIsVisible = 0;
			defaultConfigurationName = Release;
		};
/* End XCConfigurationList section */

/* Begin XCRemoteSwiftPackageReference section */
		19610F282D8111ED00675BED /* XCRemoteSwiftPackageReference "realm-swift" */ = {
			isa = XCRemoteSwiftPackageReference;
			repositoryURL = "https://github.com/realm/realm-swift";
			requirement = {
				branch = master;
				kind = branch;
			};
		};
		1976DFCF2D7EAC530093679D /* XCRemoteSwiftPackageReference "FSCalendar" */ = {
			isa = XCRemoteSwiftPackageReference;
			repositoryURL = "https://github.com/WenchaoD/FSCalendar.git";
			requirement = {
				kind = upToNextMajorVersion;
				minimumVersion = 2.8.4;
			};
		};
		198BA91C2D817F6D002C2CDD /* XCRemoteSwiftPackageReference "supabase-swift" */ = {
			isa = XCRemoteSwiftPackageReference;
			repositoryURL = "https://github.com/supabase/supabase-swift.git";
			requirement = {
				kind = upToNextMajorVersion;
				minimumVersion = 2.5.1;
			};
		};
/* End XCRemoteSwiftPackageReference section */

/* Begin XCSwiftPackageProductDependency section */
		19610F292D8111ED00675BED /* RealmSwift */ = {
			isa = XCSwiftPackageProductDependency;
			package = 19610F282D8111ED00675BED /* XCRemoteSwiftPackageReference "realm-swift" */;
			productName = RealmSwift;
		};
		1976DFD02D7EAC530093679D /* FSCalendar */ = {
			isa = XCSwiftPackageProductDependency;
			package = 1976DFCF2D7EAC530093679D /* XCRemoteSwiftPackageReference "FSCalendar" */;
			productName = FSCalendar;
		};
		198BA91D2D817F6D002C2CDD /* Auth */ = {
			isa = XCSwiftPackageProductDependency;
			package = 198BA91C2D817F6D002C2CDD /* XCRemoteSwiftPackageReference "supabase-swift" */;
			productName = Auth;
		};
		198BA91F2D817F6D002C2CDD /* Supabase */ = {
			isa = XCSwiftPackageProductDependency;
			package = 198BA91C2D817F6D002C2CDD /* XCRemoteSwiftPackageReference "supabase-swift" */;
			productName = Supabase;
		};
/* End XCSwiftPackageProductDependency section */
	};
	rootObject = 1976DF8E2D7EAC310093679D /* Project object */;
}
